{
  "object": {
    "pins": [
      {
        "package": "AEXML",
        "repositoryURL": "https://github.com/tadija/AEXML.git",
        "state": {
          "branch": null,
          "revision": "db806756c989760b35108146381535aec231092b",
          "version": "4.7.0"
        }
      },
      {
        "package": "ZIPFoundation",
        "repositoryURL": "https://github.com/weichsel/ZIPFoundation.git",
        "state": {
          "branch": null,
          "revision": "02b6abe5f6eef7e3cbd5f247c5cc24e246efcfe0",
          "version": "0.9.19"
        }
      }
    ]
  },
  "version": 1
}
